
Microsoft Visual Studio Solution File, Format Version 12.00
# Visual Studio Version 17
VisualStudioVersion = 17.14.36109.1
MinimumVisualStudioVersion = 10.0.40219.1
Project("{FAE04EC0-301F-11D3-BF4B-00C04F79EFBC}") = "EA.WebAppUI", "EA.WebAppUI\EA.WebAppUI.csproj", "{6052050D-DF96-4949-A1B2-43DA81510D08}"
EndProject
Project("{FAE04EC0-301F-11D3-BF4B-00C04F79EFBC}") = "BLL", "BLL\BLL.csproj", "{F2FE4658-6F77-499A-B879-6E22190135F1}"
EndProject
Project("{FAE04EC0-301F-11D3-BF4B-00C04F79EFBC}") = "DAL", "DLL\DAL.csproj", "{9BFA0681-BD23-4E10-B4FE-EC1E7BD4C552}"
EndProject
Project("{FAE04EC0-301F-11D3-BF4B-00C04F79EFBC}") = "Entity", "Entities\Entity.csproj", "{DE0DD48D-7A5F-41A5-ABDF-A64FE6E19F4E}"
EndProject
Project("{FAE04EC0-301F-11D3-BF4B-00C04F79EFBC}") = "Utils", "Utils\Utils.csproj", "{A75B36B1-2A31-4B9B-A74C-BAE5DD93D23A}"
EndProject
Global
	GlobalSection(SolutionConfigurationPlatforms) = preSolution
		Debug|Any CPU = Debug|Any CPU
		Release|Any CPU = Release|Any CPU
	EndGlobalSection
	GlobalSection(ProjectConfigurationPlatforms) = postSolution
		{6052050D-DF96-4949-A1B2-43DA81510D08}.Debug|Any CPU.ActiveCfg = Debug|Any CPU
		{6052050D-DF96-4949-A1B2-43DA81510D08}.Debug|Any CPU.Build.0 = Debug|Any CPU
		{6052050D-DF96-4949-A1B2-43DA81510D08}.Release|Any CPU.ActiveCfg = Release|Any CPU
		{6052050D-DF96-4949-A1B2-43DA81510D08}.Release|Any CPU.Build.0 = Release|Any CPU
		{F2FE4658-6F77-499A-B879-6E22190135F1}.Debug|Any CPU.ActiveCfg = Debug|Any CPU
		{F2FE4658-6F77-499A-B879-6E22190135F1}.Debug|Any CPU.Build.0 = Debug|Any CPU
		{F2FE4658-6F77-499A-B879-6E22190135F1}.Release|Any CPU.ActiveCfg = Release|Any CPU
		{F2FE4658-6F77-499A-B879-6E22190135F1}.Release|Any CPU.Build.0 = Release|Any CPU
		{9BFA0681-BD23-4E10-B4FE-EC1E7BD4C552}.Debug|Any CPU.ActiveCfg = Debug|Any CPU
		{9BFA0681-BD23-4E10-B4FE-EC1E7BD4C552}.Debug|Any CPU.Build.0 = Debug|Any CPU
		{9BFA0681-BD23-4E10-B4FE-EC1E7BD4C552}.Release|Any CPU.ActiveCfg = Release|Any CPU
		{9BFA0681-BD23-4E10-B4FE-EC1E7BD4C552}.Release|Any CPU.Build.0 = Release|Any CPU
		{DE0DD48D-7A5F-41A5-ABDF-A64FE6E19F4E}.Debug|Any CPU.ActiveCfg = Debug|Any CPU
		{DE0DD48D-7A5F-41A5-ABDF-A64FE6E19F4E}.Debug|Any CPU.Build.0 = Debug|Any CPU
		{DE0DD48D-7A5F-41A5-ABDF-A64FE6E19F4E}.Release|Any CPU.ActiveCfg = Release|Any CPU
		{DE0DD48D-7A5F-41A5-ABDF-A64FE6E19F4E}.Release|Any CPU.Build.0 = Release|Any CPU
		{A75B36B1-2A31-4B9B-A74C-BAE5DD93D23A}.Debug|Any CPU.ActiveCfg = Debug|Any CPU
		{A75B36B1-2A31-4B9B-A74C-BAE5DD93D23A}.Debug|Any CPU.Build.0 = Debug|Any CPU
		{A75B36B1-2A31-4B9B-A74C-BAE5DD93D23A}.Release|Any CPU.ActiveCfg = Release|Any CPU
		{A75B36B1-2A31-4B9B-A74C-BAE5DD93D23A}.Release|Any CPU.Build.0 = Release|Any CPU
	EndGlobalSection
	GlobalSection(SolutionProperties) = preSolution
		HideSolutionNode = FALSE
	EndGlobalSection
	GlobalSection(ExtensibilityGlobals) = postSolution
		SolutionGuid = {55D33534-D3D2-466F-8A23-BF5E57905874}
	EndGlobalSection
EndGlobal
